{
  "name": "udemy-mern-course-johnsmilga-jobify-app",
  "version": "1.0.0",
  "lockfileVersion": 2,
  "requires": true,
  "packages": {
    "": {
      "name": "udemy-mern-course-johnsmilga-jobify-app",
      "version": "1.0.0",
      "license": "ISC",
      "dependencies": {
        "udemy-mern-course-johnsmilga-jobify-app": "file:"
      }
    },
    "node_modules/udemy-mern-course-johnsmilga-jobify-app": {
      "resolved": "",
      "link": true
    }
  },
  "dependencies": {
    "udemy-mern-course-johnsmilga-jobify-app": {
      "version": "file:",
      "requires": {
        "udemy-mern-course-johnsmilga-jobify-app": "file:"
      }
    }
  }
}
